// !$*UTF8*$!
{
	archiveVersion = 1;
	classes = {
	};
	objectVersion = 50;
	objects = {

/* Begin PBXBuildFile section */
		930E25A221736D1E00D69B70 /* AppDelegate.m in Sources */ = {isa = PBXBuildFile; fileRef = 930E25A121736D1E00D69B70 /* AppDelegate.m */; };
		930E25A521736D1E00D69B70 /* ViewController.m in Sources */ = {isa = PBXBuildFile; fileRef = 930E25A421736D1E00D69B70 /* ViewController.m */; };
		930E25A821736D1E00D69B70 /* Main.storyboard in Resources */ = {isa = PBXBuildFile; fileRef = 930E25A621736D1E00D69B70 /* Main.storyboard */; };
		930E25AA21736D1F00D69B70 /* Assets.xcassets in Resources */ = {isa = PBXBuildFile; fileRef = 930E25A921736D1F00D69B70 /* Assets.xcassets */; };
		930E25AD21736D1F00D69B70 /* LaunchScreen.storyboard in Resources */ = {isa = PBXBuildFile; fileRef = 930E25AB21736D1F00D69B70 /* LaunchScreen.storyboard */; };
		930E25B021736D1F00D69B70 /* main.m in Sources */ = {isa = PBXBuildFile; fileRef = 930E25AF21736D1F00D69B70 /* main.m */; };
		930E25B821736E8F00D69B70 /* DateTool.m in Sources */ = {isa = PBXBuildFile; fileRef = 930E25B721736E8F00D69B70 /* DateTool.m */; };
		930E25BA2173768300D69B70 /* money.txt in Resources */ = {isa = PBXBuildFile; fileRef = 930E25B92173768300D69B70 /* money.txt */; };
/* End PBXBuildFile section */

/* Begin PBXFileReference section */
		930E259D21736D1E00D69B70 /* PerformanceOptimize.app */ = {isa = PBXFileReference; explicitFileType = wrapper.application; includeInIndex = 0; path = PerformanceOptimize.app; sourceTree = BUILT_PRODUCTS_DIR; };
		930E25A021736D1E00D69B70 /* AppDelegate.h */ = {isa = PBXFileReference; lastKnownFileType = sourcecode.c.h; path = AppDelegate.h; sourceTree = "<group>"; };
		930E25A121736D1E00D69B70 /* AppDelegate.m */ = {isa = PBXFileReference; lastKnownFileType = sourcecode.c.objc; path = AppDelegate.m; sourceTree = "<group>"; };
		930E25A321736D1E00D69B70 /* ViewController.h */ = {isa = PBXFileReference; lastKnownFileType = sourcecode.c.h; path = ViewController.h; sourceTree = "<group>"; };
		930E25A421736D1E00D69B70 /* ViewController.m */ = {isa = PBXFileReference; lastKnownFileType = sourcecode.c.objc; path = ViewController.m; sourceTree = "<group>"; };
		930E25A721736D1E00D69B70 /* Base */ = {isa = PBXFileReference; lastKnownFileType = file.storyboard; name = Base; path = Base.lproj/Main.storyboard; sourceTree = "<group>"; };
		930E25A921736D1F00D69B70 /* Assets.xcassets */ = {isa = PBXFileReference; lastKnownFileType = folder.assetcatalog; path = Assets.xcassets; sourceTree = "<group>"; };
		930E25AC21736D1F00D69B70 /* Base */ = {isa = PBXFileReference; lastKnownFileType = file.storyboard; name = Base; path = Base.lproj/LaunchScreen.storyboard; sourceTree = "<group>"; };
		930E25AE21736D1F00D69B70 /* Info.plist */ = {isa = PBXFileReference; lastKnownFileType = text.plist.xml; path = Info.plist; sourceTree = "<group>"; };
		930E25AF21736D1F00D69B70 /* main.m */ = {isa = PBXFileReference; lastKnownFileType = sourcecode.c.objc; path = main.m; sourceTree = "<group>"; };
		930E25B621736E8F00D69B70 /* DateTool.h */ = {isa = PBXFileReference; lastKnownFileType = sourcecode.c.h; path = DateTool.h; sourceTree = "<group>"; };
		930E25B721736E8F00D69B70 /* DateTool.m */ = {isa = PBXFileReference; lastKnownFileType = sourcecode.c.objc; path = DateTool.m; sourceTree = "<group>"; };
		930E25B92173768300D69B70 /* money.txt */ = {isa = PBXFileReference; fileEncoding = 4; lastKnownFileType = text; path = money.txt; sourceTree = "<group>"; };
/* End PBXFileReference section */

/* Begin PBXFrameworksBuildPhase section */
		930E259A21736D1E00D69B70 /* Frameworks */ = {
			isa = PBXFrameworksBuildPhase;
			buildActionMask = 2147483647;
			files = (
			);
			runOnlyForDeploymentPostprocessing = 0;
		};
/* End PBXFrameworksBuildPhase section */

/* Begin PBXGroup section */
		930E259421736D1E00D69B70 = {
			isa = PBXGroup;
			children = (
				930E259F21736D1E00D69B70 /* PerformanceOptimize */,
				930E259E21736D1E00D69B70 /* Products */,
			);
			sourceTree = "<group>";
		};
		930E259E21736D1E00D69B70 /* Products */ = {
			isa = PBXGroup;
			children = (
				930E259D21736D1E00D69B70 /* PerformanceOptimize.app */,
			);
			name = Products;
			sourceTree = "<group>";
		};
		930E259F21736D1E00D69B70 /* PerformanceOptimize */ = {
			isa = PBXGroup;
			children = (
				930E25B92173768300D69B70 /* money.txt */,
				930E25A021736D1E00D69B70 /* AppDelegate.h */,
				930E25A121736D1E00D69B70 /* AppDelegate.m */,
				930E25A321736D1E00D69B70 /* ViewController.h */,
				930E25A421736D1E00D69B70 /* ViewController.m */,
				930E25B621736E8F00D69B70 /* DateTool.h */,
				930E25B721736E8F00D69B70 /* DateTool.m */,
				930E25A621736D1E00D69B70 /* Main.storyboard */,
				930E25A921736D1F00D69B70 /* Assets.xcassets */,
				930E25AB21736D1F00D69B70 /* LaunchScreen.storyboard */,
				930E25AE21736D1F00D69B70 /* Info.plist */,
				930E25AF21736D1F00D69B70 /* main.m */,
			);
			path = PerformanceOptimize;
			sourceTree = "<group>";
		};
/* End PBXGroup section */

/* Begin PBXNativeTarget section */
		930E259C21736D1E00D69B70 /* PerformanceOptimize */ = {
			isa = PBXNativeTarget;
			buildConfigurationList = 930E25B321736D1F00D69B70 /* Build configuration list for PBXNativeTarget "PerformanceOptimize" */;
			buildPhases = (
				930E259921736D1E00D69B70 /* Sources */,
				930E259A21736D1E00D69B70 /* Frameworks */,
				930E259B21736D1E00D69B70 /* Resources */,
			);
			buildRules = (
			);
			dependencies = (
			);
			name = PerformanceOptimize;
			productName = PerformanceOptimize;
			productReference = 930E259D21736D1E00D69B70 /* PerformanceOptimize.app */;
			productType = "com.apple.product-type.application";
		};
/* End PBXNativeTarget section */

/* Begin PBXProject section */
		930E259521736D1E00D69B70 /* Project object */ = {
			isa = PBXProject;
			attributes = {
				LastUpgradeCheck = 0940;
				ORGANIZATIONNAME = wenwen;
				TargetAttributes = {
					930E259C21736D1E00D69B70 = {
						CreatedOnToolsVersion = 9.4.1;
					};
				};
			};
			buildConfigurationList = 930E259821736D1E00D69B70 /* Build configuration list for PBXProject "PerformanceOptimize" */;
			compatibilityVersion = "Xcode 9.3";
			developmentRegion = en;
			hasScannedForEncodings = 0;
			knownRegions = (
				en,
				Base,
			);
			mainGroup = 930E259421736D1E00D69B70;
			productRefGroup = 930E259E21736D1E00D69B70 /* Products */;
			projectDirPath = "";
			projectRoot = "";
			targets = (
				930E259C21736D1E00D69B70 /* PerformanceOptimize */,
			);
		};
/* End PBXProject section */

/* Begin PBXResourcesBuildPhase section */
		930E259B21736D1E00D69B70 /* Resources */ = {
			isa = PBXResourcesBuildPhase;
			buildActionMask = 2147483647;
			files = (
				930E25AD21736D1F00D69B70 /* LaunchScreen.storyboard in Resources */,
				930E25AA21736D1F00D69B70 /* Assets.xcassets in Resources */,
				930E25A821736D1E00D69B70 /* Main.storyboard in Resources */,
				930E25BA2173768300D69B70 /* money.txt in Resources */,
			);
			runOnlyForDeploymentPostprocessing = 0;
		};
/* End PBXResourcesBuildPhase section */

/* Begin PBXSourcesBuildPhase section */
		930E259921736D1E00D69B70 /* Sources */ = {
			isa = PBXSourcesBuildPhase;
			buildActionMask = 2147483647;
			files = (
				930E25A521736D1E00D69B70 /* ViewController.m in Sources */,
				930E25B821736E8F00D69B70 /* DateTool.m in Sources */,
				930E25B021736D1F00D69B70 /* main.m in Sources */,
				930E25A221736D1E00D69B70 /* AppDelegate.m in Sources */,
			);
			runOnlyForDeploymentPostprocessing = 0;
		};
/* End PBXSourcesBuildPhase section */

/* Begin PBXVariantGroup section */
		930E25A621736D1E00D69B70 /* Main.storyboard */ = {
			isa = PBXVariantGroup;
			children = (
				930E25A721736D1E00D69B70 /* Base */,
			);
			name = Main.storyboard;
			sourceTree = "<group>";
		};
		930E25AB21736D1F00D69B70 /* LaunchScreen.storyboard */ = {
			isa = PBXVariantGroup;
			children = (
				930E25AC21736D1F00D69B70 /* Base */,
			);
			name = LaunchScreen.storyboard;
			sourceTree = "<group>";
		};
/* End PBXVariantGroup section */

/* Begin XCBuildConfiguration section */
		930E25B121736D1F00D69B70 /* Debug */ = {
			isa = XCBuildConfiguration;
			buildSettings = {
				ALWAYS_SEARCH_USER_PATHS = NO;
				CLANG_ANALYZER_NONNULL = YES;
				CLANG_ANALYZER_NUMBER_OBJECT_CONVERSION = YES_AGGRESSIVE;
				CLANG_CXX_LANGUAGE_STANDARD = "gnu++14";
				CLANG_CXX_LIBRARY = "libc++";
				CLANG_ENABLE_MODULES = YES;
				CLANG_ENABLE_OBJC_ARC = YES;
				CLANG_ENABLE_OBJC_WEAK = YES;
				CLANG_WARN_BLOCK_CAPTURE_AUTORELEASING = YES;
				CLANG_WARN_BOOL_CONVERSION = YES;
				CLANG_WARN_COMMA = YES;
				CLANG_WARN_CONSTANT_CONVERSION = YES;
				CLANG_WARN_DEPRECATED_OBJC_IMPLEMENTATIONS = YES;
				CLANG_WARN_DIRECT_OBJC_ISA_USAGE = YES_ERROR;
				CLANG_WARN_DOCUMENTATION_COMMENTS = YES;
				CLANG_WARN_EMPTY_BODY = YES;
				CLANG_WARN_ENUM_CONVERSION = YES;
				CLANG_WARN_INFINITE_RECURSION = YES;
				CLANG_WARN_INT_CONVERSION = YES;
				CLANG_WARN_NON_LITERAL_NULL_CONVERSION = YES;
				CLANG_WARN_OBJC_IMPLICIT_RETAIN_SELF = YES;
				CLANG_WARN_OBJC_LITERAL_CONVERSION = YES;
				CLANG_WARN_OBJC_ROOT_CLASS = YES_ERROR;
				CLANG_WARN_RANGE_LOOP_ANALYSIS = YES;
				CLANG_WARN_STRICT_PROTOTYPES = YES;
				CLANG_WARN_SUSPICIOUS_MOVE = YES;
				CLANG_WARN_UNGUARDED_AVAILABILITY = YES_AGGRESSIVE;
				CLANG_WARN_UNREACHABLE_CODE = YES;
				CLANG_WARN__DUPLICATE_METHOD_MATCH = YES;
				CODE_SIGN_IDENTITY = "iPhone Developer";
				COPY_PHASE_STRIP = NO;
				DEBUG_INFORMATION_FORMAT = dwarf;
				ENABLE_STRICT_OBJC_MSGSEND = YES;
				ENABLE_TESTABILITY = YES;
				GCC_C_LANGUAGE_STANDARD = gnu11;
				GCC_DYNAMIC_NO_PIC = NO;
				GCC_NO_COMMON_BLOCKS = YES;
				GCC_OPTIMIZATION_LEVEL = 0;
				GCC_PREPROCESSOR_DEFINITIONS = (
					"DEBUG=1",
					"$(inherited)",
				);
				GCC_WARN_64_TO_32_BIT_CONVERSION = YES;
				GCC_WARN_ABOUT_RETURN_TYPE = YES_ERROR;
				GCC_WARN_UNDECLARED_SELECTOR = YES;
				GCC_WARN_UNINITIALIZED_AUTOS = YES_AGGRESSIVE;
				GCC_WARN_UNUSED_FUNCTION = YES;
				GCC_WARN_UNUSED_VARIABLE = YES;
				IPHONEOS_DEPLOYMENT_TARGET = 11.4;
				MTL_ENABLE_DEBUG_INFO = YES;
				ONLY_ACTIVE_ARCH = YES;
				SDKROOT = iphoneos;
			};
			name = Debug;
		};
		930E25B221736D1F00D69B70 /* Release */ = {
			isa = XCBuildConfiguration;
			buildSettings = {
				ALWAYS_SEARCH_USER_PATHS = NO;
				CLANG_ANALYZER_NONNULL = YES;
				CLANG_ANALYZER_NUMBER_OBJECT_CONVERSION = YES_AGGRESSIVE;
				CLANG_CXX_LANGUAGE_STANDARD = "gnu++14";
				CLANG_CXX_LIBRARY = "libc++";
				CLANG_ENABLE_MODULES = YES;
				CLANG_ENABLE_OBJC_ARC = YES;
				CLANG_ENABLE_OBJC_WEAK = YES;
				CLANG_WARN_BLOCK_CAPTURE_AUTORELEASING = YES;
				CLANG_WARN_BOOL_CONVERSION = YES;
				CLANG_WARN_COMMA = YES;
				CLANG_WARN_CONSTANT_CONVERSION = YES;
				CLANG_WARN_DEPRECATED_OBJC_IMPLEMENTATIONS = YES;
				CLANG_WARN_DIRECT_OBJC_ISA_USAGE = YES_ERROR;
				CLANG_WARN_DOCUMENTATION_COMMENTS = YES;
				CLANG_WARN_EMPTY_BODY = YES;
				CLANG_WARN_ENUM_CONVERSION = YES;
				CLANG_WARN_INFINITE_RECURSION = YES;
				CLANG_WARN_INT_CONVERSION = YES;
				CLANG_WARN_NON_LITERAL_NULL_CONVERSION = YES;
				CLANG_WARN_OBJC_IMPLICIT_RETAIN_SELF = YES;
				CLANG_WARN_OBJC_LITERAL_CONVERSION = YES;
				CLANG_WARN_OBJC_ROOT_CLASS = YES_ERROR;
				CLANG_WARN_RANGE_LOOP_ANALYSIS = YES;
				CLANG_WARN_STRICT_PROTOTYPES = YES;
				CLANG_WARN_SUSPICIOUS_MOVE = YES;
				CLANG_WARN_UNGUARDED_AVAILABILITY = YES_AGGRESSIVE;
				CLANG_WARN_UNREACHABLE_CODE = YES;
				CLANG_WARN__DUPLICATE_METHOD_MATCH = YES;
				CODE_SIGN_IDENTITY = "iPhone Developer";
				COPY_PHASE_STRIP = NO;
				DEBUG_INFORMATION_FORMAT = "dwarf-with-dsym";
				ENABLE_NS_ASSERTIONS = NO;
				ENABLE_STRICT_OBJC_MSGSEND = YES;
				GCC_C_LANGUAGE_STANDARD = gnu11;
				GCC_NO_COMMON_BLOCKS = YES;
				GCC_WARN_64_TO_32_BIT_CONVERSION = YES;
				GCC_WARN_ABOUT_RETURN_TYPE = YES_ERROR;
				GCC_WARN_UNDECLARED_SELECTOR = YES;
				GCC_WARN_UNINITIALIZED_AUTOS = YES_AGGRESSIVE;
				GCC_WARN_UNUSED_FUNCTION = YES;
				GCC_WARN_UNUSED_VARIABLE = YES;
				IPHONEOS_DEPLOYMENT_TARGET = 11.4;
				MTL_ENABLE_DEBUG_INFO = NO;
				SDKROOT = iphoneos;
				VALIDATE_PRODUCT = YES;
			};
			name = Release;
		};
		930E25B421736D1F00D69B70 /* Debug */ = {
			isa = XCBuildConfiguration;
			buildSettings = {
				ASSETCATALOG_COMPILER_APPICON_NAME = AppIcon;
				CODE_SIGN_STYLE = Automatic;
				INFOPLIST_FILE = PerformanceOptimize/Info.plist;
				LD_RUNPATH_SEARCH_PATHS = (
					"$(inherited)",
					"@executable_path/Frameworks",
				);
				PRODUCT_BUNDLE_IDENTIFIER = wenwen.PerformanceOptimize;
				PRODUCT_NAME = "$(TARGET_NAME)";
				TARGETED_DEVICE_FAMILY = "1,2";
			};
			name = Debug;
		};
		930E25B521736D1F00D69B70 /* Release */ = {
			isa = XCBuildConfiguration;
			buildSettings = {
				ASSETCATALOG_COMPILER_APPICON_NAME = AppIcon;
				CODE_SIGN_STYLE = Automatic;
				INFOPLIST_FILE = PerformanceOptimize/Info.plist;
				LD_RUNPATH_SEARCH_PATHS = (
					"$(inherited)",
					"@executable_path/Frameworks",
				);
				PRODUCT_BUNDLE_IDENTIFIER = wenwen.PerformanceOptimize;
				PRODUCT_NAME = "$(TARGET_NAME)";
				TARGETED_DEVICE_FAMILY = "1,2";
			};
			name = Release;
		};
/* End XCBuildConfiguration section */

/* Begin XCConfigurationList section */
		930E259821736D1E00D69B70 /* Build configuration list for PBXProject "PerformanceOptimize" */ = {
			isa = XCConfigurationList;
			buildConfigurations = (
				930E25B121736D1F00D69B70 /* Debug */,
				930E25B221736D1F00D69B70 /* Release */,
			);
			defaultConfigurationIsVisible = 0;
			defaultConfigurationName = Release;
		};
		930E25B321736D1F00D69B70 /* Build configuration list for PBXNativeTarget "PerformanceOptimize" */ = {
			isa = XCConfigurationList;
			buildConfigurations = (
				930E25B421736D1F00D69B70 /* Debug */,
				930E25B521736D1F00D69B70 /* Release */,
			);
			defaultConfigurationIsVisible = 0;
			defaultConfigurationName = Release;
		};
/* End XCConfigurationList section */
	};
	rootObject = 930E259521736D1E00D69B70 /* Project object */;
}
